// !$*UTF8*$!
{
	archiveVersion = 1;
	classes = {
	};
	objectVersion = 46;
	objects = {

/* Begin PBXBuildFile section */
		65D588421C41ECBA0063DD59 /* main.m in Sources */ = {isa = PBXBuildFile; fileRef = 65D588411C41ECBA0063DD59 /* main.m */; };
		65D588451C41ECBA0063DD59 /* AppDelegate.m in Sources */ = {isa = PBXBuildFile; fileRef = 65D588441C41ECBA0063DD59 /* AppDelegate.m */; };
		65D5884B1C41ECBA0063DD59 /* Main.storyboard in Resources */ = {isa = PBXBuildFile; fileRef = 65D588491C41ECBA0063DD59 /* Main.storyboard */; };
		65D5884D1C41ECBA0063DD59 /* Assets.xcassets in Resources */ = {isa = PBXBuildFile; fileRef = 65D5884C1C41ECBA0063DD59 /* Assets.xcassets */; };
		65D588501C41ECBA0063DD59 /* LaunchScreen.storyboard in Resources */ = {isa = PBXBuildFile; fileRef = 65D5884E1C41ECBA0063DD59 /* LaunchScreen.storyboard */; };
		65D5885F1C41ED630063DD59 /* ViewControllerAndre.swift in Sources */ = {isa = PBXBuildFile; fileRef = 65D5885E1C41ED630063DD59 /* ViewControllerAndre.swift */; };
		65D588621C41EDE60063DD59 /* ViewControllerBruno.m in Sources */ = {isa = PBXBuildFile; fileRef = 65D588611C41EDE60063DD59 /* ViewControllerBruno.m */; };
		65D588651C41EE0D0063DD59 /* ViewControllerRafael.m in Sources */ = {isa = PBXBuildFile; fileRef = 65D588641C41EE0D0063DD59 /* ViewControllerRafael.m */; };
		65D588691C41EFD60063DD59 /* ViewControllerRamiro.m in Sources */ = {isa = PBXBuildFile; fileRef = 65D588681C41EFD60063DD59 /* ViewControllerRamiro.m */; };
		65D5886C1C41F0200063DD59 /* ViewControllerRafaelAmorim.m in Sources */ = {isa = PBXBuildFile; fileRef = 65D5886B1C41F0200063DD59 /* ViewControllerRafaelAmorim.m */; };
/* End PBXBuildFile section */

/* Begin PBXFileReference section */
		65D5883D1C41ECBA0063DD59 /* PontasTeam.app */ = {isa = PBXFileReference; explicitFileType = wrapper.application; includeInIndex = 0; path = PontasTeam.app; sourceTree = BUILT_PRODUCTS_DIR; };
		65D588411C41ECBA0063DD59 /* main.m */ = {isa = PBXFileReference; lastKnownFileType = sourcecode.c.objc; path = main.m; sourceTree = "<group>"; };
		65D588431C41ECBA0063DD59 /* AppDelegate.h */ = {isa = PBXFileReference; lastKnownFileType = sourcecode.c.h; path = AppDelegate.h; sourceTree = "<group>"; };
		65D588441C41ECBA0063DD59 /* AppDelegate.m */ = {isa = PBXFileReference; lastKnownFileType = sourcecode.c.objc; path = AppDelegate.m; sourceTree = "<group>"; };
		65D5884A1C41ECBA0063DD59 /* Base */ = {isa = PBXFileReference; lastKnownFileType = file.storyboard; name = Base; path = Base.lproj/Main.storyboard; sourceTree = "<group>"; };
		65D5884C1C41ECBA0063DD59 /* Assets.xcassets */ = {isa = PBXFileReference; lastKnownFileType = folder.assetcatalog; path = Assets.xcassets; sourceTree = "<group>"; };
		65D5884F1C41ECBA0063DD59 /* Base */ = {isa = PBXFileReference; lastKnownFileType = file.storyboard; name = Base; path = Base.lproj/LaunchScreen.storyboard; sourceTree = "<group>"; };
		65D588511C41ECBA0063DD59 /* Info.plist */ = {isa = PBXFileReference; lastKnownFileType = text.plist.xml; path = Info.plist; sourceTree = "<group>"; };
		65D5885D1C41ED620063DD59 /* PontasTeam-Bridging-Header.h */ = {isa = PBXFileReference; lastKnownFileType = sourcecode.c.h; path = "PontasTeam-Bridging-Header.h"; sourceTree = "<group>"; };
		65D5885E1C41ED630063DD59 /* ViewControllerAndre.swift */ = {isa = PBXFileReference; fileEncoding = 4; lastKnownFileType = sourcecode.swift; path = ViewControllerAndre.swift; sourceTree = "<group>"; };
		65D588601C41EDE60063DD59 /* ViewControllerBruno.h */ = {isa = PBXFileReference; fileEncoding = 4; lastKnownFileType = sourcecode.c.h; path = ViewControllerBruno.h; sourceTree = "<group>"; };
		65D588611C41EDE60063DD59 /* ViewControllerBruno.m */ = {isa = PBXFileReference; fileEncoding = 4; lastKnownFileType = sourcecode.c.objc; path = ViewControllerBruno.m; sourceTree = "<group>"; };
		65D588631C41EE0D0063DD59 /* ViewControllerRafael.h */ = {isa = PBXFileReference; fileEncoding = 4; lastKnownFileType = sourcecode.c.h; path = ViewControllerRafael.h; sourceTree = "<group>"; };
		65D588641C41EE0D0063DD59 /* ViewControllerRafael.m */ = {isa = PBXFileReference; fileEncoding = 4; lastKnownFileType = sourcecode.c.objc; path = ViewControllerRafael.m; sourceTree = "<group>"; };
		65D588671C41EFD60063DD59 /* ViewControllerRamiro.h */ = {isa = PBXFileReference; fileEncoding = 4; lastKnownFileType = sourcecode.c.h; path = ViewControllerRamiro.h; sourceTree = "<group>"; };
		65D588681C41EFD60063DD59 /* ViewControllerRamiro.m */ = {isa = PBXFileReference; fileEncoding = 4; lastKnownFileType = sourcecode.c.objc; path = ViewControllerRamiro.m; sourceTree = "<group>"; };
		65D5886A1C41F0200063DD59 /* ViewControllerRafaelAmorim.h */ = {isa = PBXFileReference; fileEncoding = 4; lastKnownFileType = sourcecode.c.h; path = ViewControllerRafaelAmorim.h; sourceTree = "<group>"; };
		65D5886B1C41F0200063DD59 /* ViewControllerRafaelAmorim.m */ = {isa = PBXFileReference; fileEncoding = 4; lastKnownFileType = sourcecode.c.objc; path = ViewControllerRafaelAmorim.m; sourceTree = "<group>"; };
/* End PBXFileReference section */

/* Begin PBXFrameworksBuildPhase section */
		65D5883A1C41ECBA0063DD59 /* Frameworks */ = {
			isa = PBXFrameworksBuildPhase;
			buildActionMask = 2147483647;
			files = (
			);
			runOnlyForDeploymentPostprocessing = 0;
		};
/* End PBXFrameworksBuildPhase section */

/* Begin PBXGroup section */
		65D588341C41ECBA0063DD59 = {
			isa = PBXGroup;
			children = (
				65D588661C41EE2C0063DD59 /* Image */,
				65D5883F1C41ECBA0063DD59 /* PontasTeam */,
				65D588571C41ECD00063DD59 /* Controller */,
				65D5883E1C41ECBA0063DD59 /* Products */,
			);
			sourceTree = "<group>";
		};
		65D5883E1C41ECBA0063DD59 /* Products */ = {
			isa = PBXGroup;
			children = (
				65D5883D1C41ECBA0063DD59 /* PontasTeam.app */,
			);
			name = Products;
			sourceTree = "<group>";
		};
		65D5883F1C41ECBA0063DD59 /* PontasTeam */ = {
			isa = PBXGroup;
			children = (
				65D588431C41ECBA0063DD59 /* AppDelegate.h */,
				65D588441C41ECBA0063DD59 /* AppDelegate.m */,
				65D588491C41ECBA0063DD59 /* Main.storyboard */,
				65D5884C1C41ECBA0063DD59 /* Assets.xcassets */,
				65D5884E1C41ECBA0063DD59 /* LaunchScreen.storyboard */,
				65D588511C41ECBA0063DD59 /* Info.plist */,
				65D588401C41ECBA0063DD59 /* Supporting Files */,
			);
			path = PontasTeam;
			sourceTree = "<group>";
		};
		65D588401C41ECBA0063DD59 /* Supporting Files */ = {
			isa = PBXGroup;
			children = (
				65D588411C41ECBA0063DD59 /* main.m */,
			);
			name = "Supporting Files";
			sourceTree = "<group>";
		};
		65D588571C41ECD00063DD59 /* Controller */ = {
			isa = PBXGroup;
			children = (
				65D5885C1C41ECFD0063DD59 /* Ramiro Amorim */,
				65D5885B1C41ECF30063DD59 /* Rafael Amorim */,
				65D5885A1C41ECED0063DD59 /* Bruno */,
				65D588591C41ECE20063DD59 /* Rafael */,
				65D588581C41ECDA0063DD59 /* Andre */,
			);
			name = Controller;
			sourceTree = "<group>";
		};
		65D588581C41ECDA0063DD59 /* Andre */ = {
			isa = PBXGroup;
			children = (
				65D5885E1C41ED630063DD59 /* ViewControllerAndre.swift */,
				65D5885D1C41ED620063DD59 /* PontasTeam-Bridging-Header.h */,
			);
			name = Andre;
			sourceTree = "<group>";
		};
		65D588591C41ECE20063DD59 /* Rafael */ = {
			isa = PBXGroup;
			children = (
				65D588631C41EE0D0063DD59 /* ViewControllerRafael.h */,
				65D588641C41EE0D0063DD59 /* ViewControllerRafael.m */,
			);
			name = Rafael;
			sourceTree = "<group>";
		};
		65D5885A1C41ECED0063DD59 /* Bruno */ = {
			isa = PBXGroup;
			children = (
				65D588601C41EDE60063DD59 /* ViewControllerBruno.h */,
				65D588611C41EDE60063DD59 /* ViewControllerBruno.m */,
			);
			name = Bruno;
			sourceTree = "<group>";
		};
		65D5885B1C41ECF30063DD59 /* Rafael Amorim */ = {
			isa = PBXGroup;
			children = (
				65D5886A1C41F0200063DD59 /* ViewControllerRafaelAmorim.h */,
				65D5886B1C41F0200063DD59 /* ViewControllerRafaelAmorim.m */,
			);
			name = "Rafael Amorim";
			sourceTree = "<group>";
		};
		65D5885C1C41ECFD0063DD59 /* Ramiro Amorim */ = {
			isa = PBXGroup;
			children = (
				65D588671C41EFD60063DD59 /* ViewControllerRamiro.h */,
				65D588681C41EFD60063DD59 /* ViewControllerRamiro.m */,
			);
			name = "Ramiro Amorim";
			sourceTree = "<group>";
		};
		65D588661C41EE2C0063DD59 /* Image */ = {
			isa = PBXGroup;
			children = (
			);
			name = Image;
			sourceTree = "<group>";
		};
/* End PBXGroup section */

/* Begin PBXNativeTarget section */
		65D5883C1C41ECBA0063DD59 /* PontasTeam */ = {
			isa = PBXNativeTarget;
			buildConfigurationList = 65D588541C41ECBA0063DD59 /* Build configuration list for PBXNativeTarget "PontasTeam" */;
			buildPhases = (
				65D588391C41ECBA0063DD59 /* Sources */,
				65D5883A1C41ECBA0063DD59 /* Frameworks */,
				65D5883B1C41ECBA0063DD59 /* Resources */,
			);
			buildRules = (
			);
			dependencies = (
			);
			name = PontasTeam;
			productName = PontasTeam;
			productReference = 65D5883D1C41ECBA0063DD59 /* PontasTeam.app */;
			productType = "com.apple.product-type.application";
		};
/* End PBXNativeTarget section */

/* Begin PBXProject section */
		65D588351C41ECBA0063DD59 /* Project object */ = {
			isa = PBXProject;
			attributes = {
				LastUpgradeCheck = 0720;
				ORGANIZATIONNAME = "André Feliciano";
				TargetAttributes = {
					65D5883C1C41ECBA0063DD59 = {
						CreatedOnToolsVersion = 7.2;
						DevelopmentTeam = LKN3853KPV;
					};
				};
			};
			buildConfigurationList = 65D588381C41ECBA0063DD59 /* Build configuration list for PBXProject "PontasTeam" */;
			compatibilityVersion = "Xcode 3.2";
			developmentRegion = English;
			hasScannedForEncodings = 0;
			knownRegions = (
				en,
				Base,
			);
			mainGroup = 65D588341C41ECBA0063DD59;
			productRefGroup = 65D5883E1C41ECBA0063DD59 /* Products */;
			projectDirPath = "";
			projectRoot = "";
			targets = (
				65D5883C1C41ECBA0063DD59 /* PontasTeam */,
			);
		};
/* End PBXProject section */

/* Begin PBXResourcesBuildPhase section */
		65D5883B1C41ECBA0063DD59 /* Resources */ = {
			isa = PBXResourcesBuildPhase;
			buildActionMask = 2147483647;
			files = (
				65D588501C41ECBA0063DD59 /* LaunchScreen.storyboard in Resources */,
				65D5884D1C41ECBA0063DD59 /* Assets.xcassets in Resources */,
				65D5884B1C41ECBA0063DD59 /* Main.storyboard in Resources */,
			);
			runOnlyForDeploymentPostprocessing = 0;
		};
/* End PBXResourcesBuildPhase section */

/* Begin PBXSourcesBuildPhase section */
		65D588391C41ECBA0063DD59 /* Sources */ = {
			isa = PBXSourcesBuildPhase;
			buildActionMask = 2147483647;
			files = (
				65D588451C41ECBA0063DD59 /* AppDelegate.m in Sources */,
				65D5886C1C41F0200063DD59 /* ViewControllerRafaelAmorim.m in Sources */,
				65D588621C41EDE60063DD59 /* ViewControllerBruno.m in Sources */,
				65D588421C41ECBA0063DD59 /* main.m in Sources */,
				65D5885F1C41ED630063DD59 /* ViewControllerAndre.swift in Sources */,
				65D588691C41EFD60063DD59 /* ViewControllerRamiro.m in Sources */,
				65D588651C41EE0D0063DD59 /* ViewControllerRafael.m in Sources */,
			);
			runOnlyForDeploymentPostprocessing = 0;
		};
/* End PBXSourcesBuildPhase section */

/* Begin PBXVariantGroup section */
		65D588491C41ECBA0063DD59 /* Main.storyboard */ = {
			isa = PBXVariantGroup;
			children = (
				65D5884A1C41ECBA0063DD59 /* Base */,
			);
			name = Main.storyboard;
			sourceTree = "<group>";
		};
		65D5884E1C41ECBA0063DD59 /* LaunchScreen.storyboard */ = {
			isa = PBXVariantGroup;
			children = (
				65D5884F1C41ECBA0063DD59 /* Base */,
			);
			name = LaunchScreen.storyboard;
			sourceTree = "<group>";
		};
/* End PBXVariantGroup section */

/* Begin XCBuildConfiguration section */
		65D588521C41ECBA0063DD59 /* Debug */ = {
			isa = XCBuildConfiguration;
			buildSettings = {
				ALWAYS_SEARCH_USER_PATHS = NO;
				CLANG_CXX_LANGUAGE_STANDARD = "gnu++0x";
				CLANG_CXX_LIBRARY = "libc++";
				CLANG_ENABLE_MODULES = YES;
				CLANG_ENABLE_OBJC_ARC = YES;
				CLANG_WARN_BOOL_CONVERSION = YES;
				CLANG_WARN_CONSTANT_CONVERSION = YES;
				CLANG_WARN_DIRECT_OBJC_ISA_USAGE = YES_ERROR;
				CLANG_WARN_EMPTY_BODY = YES;
				CLANG_WARN_ENUM_CONVERSION = YES;
				CLANG_WARN_INT_CONVERSION = YES;
				CLANG_WARN_OBJC_ROOT_CLASS = YES_ERROR;
				CLANG_WARN_UNREACHABLE_CODE = YES;
				CLANG_WARN__DUPLICATE_METHOD_MATCH = YES;
				"CODE_SIGN_IDENTITY[sdk=iphoneos*]" = "iPhone Developer";
				COPY_PHASE_STRIP = NO;
				DEBUG_INFORMATION_FORMAT = dwarf;
				ENABLE_STRICT_OBJC_MSGSEND = YES;
				ENABLE_TESTABILITY = YES;
				GCC_C_LANGUAGE_STANDARD = gnu99;
				GCC_DYNAMIC_NO_PIC = NO;
				GCC_NO_COMMON_BLOCKS = YES;
				GCC_OPTIMIZATION_LEVEL = 0;
				GCC_PREPROCESSOR_DEFINITIONS = (
					"DEBUG=1",
					"$(inherited)",
				);
				GCC_WARN_64_TO_32_BIT_CONVERSION = YES;
				GCC_WARN_ABOUT_RETURN_TYPE = YES_ERROR;
				GCC_WARN_UNDECLARED_SELECTOR = YES;
				GCC_WARN_UNINITIALIZED_AUTOS = YES_AGGRESSIVE;
				GCC_WARN_UNUSED_FUNCTION = YES;
				GCC_WARN_UNUSED_VARIABLE = YES;
				IPHONEOS_DEPLOYMENT_TARGET = 9.2;
				MTL_ENABLE_DEBUG_INFO = YES;
				ONLY_ACTIVE_ARCH = YES;
				SDKROOT = iphoneos;
			};
			name = Debug;
		};
		65D588531C41ECBA0063DD59 /* Release */ = {
			isa = XCBuildConfiguration;
			buildSettings = {
				ALWAYS_SEARCH_USER_PATHS = NO;
				CLANG_CXX_LANGUAGE_STANDARD = "gnu++0x";
				CLANG_CXX_LIBRARY = "libc++";
				CLANG_ENABLE_MODULES = YES;
				CLANG_ENABLE_OBJC_ARC = YES;
				CLANG_WARN_BOOL_CONVERSION = YES;
				CLANG_WARN_CONSTANT_CONVERSION = YES;
				CLANG_WARN_DIRECT_OBJC_ISA_USAGE = YES_ERROR;
				CLANG_WARN_EMPTY_BODY = YES;
				CLANG_WARN_ENUM_CONVERSION = YES;
				CLANG_WARN_INT_CONVERSION = YES;
				CLANG_WARN_OBJC_ROOT_CLASS = YES_ERROR;
				CLANG_WARN_UNREACHABLE_CODE = YES;
				CLANG_WARN__DUPLICATE_METHOD_MATCH = YES;
				"CODE_SIGN_IDENTITY[sdk=iphoneos*]" = "iPhone Developer";
				COPY_PHASE_STRIP = NO;
				DEBUG_INFORMATION_FORMAT = "dwarf-with-dsym";
				ENABLE_NS_ASSERTIONS = NO;
				ENABLE_STRICT_OBJC_MSGSEND = YES;
				GCC_C_LANGUAGE_STANDARD = gnu99;
				GCC_NO_COMMON_BLOCKS = YES;
				GCC_WARN_64_TO_32_BIT_CONVERSION = YES;
				GCC_WARN_ABOUT_RETURN_TYPE = YES_ERROR;
				GCC_WARN_UNDECLARED_SELECTOR = YES;
				GCC_WARN_UNINITIALIZED_AUTOS = YES_AGGRESSIVE;
				GCC_WARN_UNUSED_FUNCTION = YES;
				GCC_WARN_UNUSED_VARIABLE = YES;
				IPHONEOS_DEPLOYMENT_TARGET = 9.2;
				MTL_ENABLE_DEBUG_INFO = NO;
				SDKROOT = iphoneos;
				VALIDATE_PRODUCT = YES;
			};
			name = Release;
		};
		65D588551C41ECBA0063DD59 /* Debug */ = {
			isa = XCBuildConfiguration;
			buildSettings = {
				ASSETCATALOG_COMPILER_APPICON_NAME = AppIcon;
				CLANG_ENABLE_MODULES = YES;
				INFOPLIST_FILE = PontasTeam/Info.plist;
				IPHONEOS_DEPLOYMENT_TARGET = 8.4;
				LD_RUNPATH_SEARCH_PATHS = "$(inherited) @executable_path/Frameworks";
				PRODUCT_BUNDLE_IDENTIFIER = br.com.pontas.PontasTeam;
				PRODUCT_NAME = "$(TARGET_NAME)";
				SWIFT_OBJC_BRIDGING_HEADER = "PontasTeam-Bridging-Header.h";
				SWIFT_OPTIMIZATION_LEVEL = "-Onone";
			};
			name = Debug;
		};
		65D588561C41ECBA0063DD59 /* Release */ = {
			isa = XCBuildConfiguration;
			buildSettings = {
				ASSETCATALOG_COMPILER_APPICON_NAME = AppIcon;
				CLANG_ENABLE_MODULES = YES;
				INFOPLIST_FILE = PontasTeam/Info.plist;
				IPHONEOS_DEPLOYMENT_TARGET = 8.4;
				LD_RUNPATH_SEARCH_PATHS = "$(inherited) @executable_path/Frameworks";
				PRODUCT_BUNDLE_IDENTIFIER = br.com.pontas.PontasTeam;
				PRODUCT_NAME = "$(TARGET_NAME)";
				SWIFT_OBJC_BRIDGING_HEADER = "PontasTeam-Bridging-Header.h";
			};
			name = Release;
		};
/* End XCBuildConfiguration section */

/* Begin XCConfigurationList section */
		65D588381C41ECBA0063DD59 /* Build configuration list for PBXProject "PontasTeam" */ = {
			isa = XCConfigurationList;
			buildConfigurations = (
				65D588521C41ECBA0063DD59 /* Debug */,
				65D588531C41ECBA0063DD59 /* Release */,
			);
			defaultConfigurationIsVisible = 0;
			defaultConfigurationName = Release;
		};
		65D588541C41ECBA0063DD59 /* Build configuration list for PBXNativeTarget "PontasTeam" */ = {
			isa = XCConfigurationList;
			buildConfigurations = (
				65D588551C41ECBA0063DD59 /* Debug */,
				65D588561C41ECBA0063DD59 /* Release */,
			);
			defaultConfigurationIsVisible = 0;
		};
/* End XCConfigurationList section */
	};
	rootObject = 65D588351C41ECBA0063DD59 /* Project object */;
}
